schema: '2.0'
stages:
  one:
    cmd: python stage_01.py
    deps:
    - path: stage_01.py
      md5: 70488b817aa9c627fc934f537905a59e
      size: 107
    outs:
    - path: one.txt
      md5: 62e8c648f76de81788f6d5dfe79b2eb2
      size: 23
  two:
    cmd: python stage_02.py
    deps:
    - path: one.txt
      md5: 62e8c648f76de81788f6d5dfe79b2eb2
      size: 23
    - path: stage_02.py
      md5: 12e2295ae1e415d962fefa11dfc9f4bc
      size: 209
    outs:
    - path: two.txt
      md5: 62e8c648f76de81788f6d5dfe79b2eb2
      size: 23
